
Microsoft Visual Studio Solution File, Format Version 12.00
# Visual Studio 15
VisualStudioVersion = 15.0.27004.2002
MinimumVisualStudioVersion = 10.0.40219.1
Project("{FAE04EC0-301F-11D3-BF4B-00C04F79EFBC}") = "TaskBuzz.Website", "TaskBuzz.Website\TaskBuzz.Website.csproj", "{5EF28EC9-ABD4-449E-A48B-F4B574F525E6}"
EndProject
Global
	GlobalSection(SolutionConfigurationPlatforms) = preSolution
		Debug|Any CPU = Debug|Any CPU
		Release|Any CPU = Release|Any CPU
	EndGlobalSection
	GlobalSection(ProjectConfigurationPlatforms) = postSolution
		{5EF28EC9-ABD4-449E-A48B-F4B574F525E6}.Debug|Any CPU.ActiveCfg = Debug|Any CPU
		{5EF28EC9-ABD4-449E-A48B-F4B574F525E6}.Debug|Any CPU.Build.0 = Debug|Any CPU
		{5EF28EC9-ABD4-449E-A48B-F4B574F525E6}.Release|Any CPU.ActiveCfg = Release|Any CPU
		{5EF28EC9-ABD4-449E-A48B-F4B574F525E6}.Release|Any CPU.Build.0 = Release|Any CPU
	EndGlobalSection
	GlobalSection(SolutionProperties) = preSolution
		HideSolutionNode = FALSE
	EndGlobalSection
	GlobalSection(ExtensibilityGlobals) = postSolution
		SolutionGuid = {409EA76B-52F0-4082-8FA2-C90F92FCA0B3}
	EndGlobalSection
EndGlobal
